
Microsoft Visual Studio Solution File, Format Version 12.00
# Visual Studio Version 17
VisualStudioVersion = 17.5.33627.172
MinimumVisualStudioVersion = 10.0.40219.1
Project("{FAE04EC0-301F-11D3-BF4B-00C04F79EFBC}") = "I-RAY_ASSET_TRACKER_MVC", "I-RAY_ASSET_TRACKER_MVC.csproj", "{A8CBC8B8-B114-4440-9998-742608DA71BA}"
EndProject
Global
	GlobalSection(SolutionConfigurationPlatforms) = preSolution
		Debug|Any CPU = Debug|Any CPU
		Release|Any CPU = Release|Any CPU
	EndGlobalSection
	GlobalSection(ProjectConfigurationPlatforms) = postSolution
		{A8CBC8B8-B114-4440-9998-742608DA71BA}.Debug|Any CPU.ActiveCfg = Debug|Any CPU
		{A8CBC8B8-B114-4440-9998-742608DA71BA}.Debug|Any CPU.Build.0 = Debug|Any CPU
		{A8CBC8B8-B114-4440-9998-742608DA71BA}.Release|Any CPU.ActiveCfg = Release|Any CPU
		{A8CBC8B8-B114-4440-9998-742608DA71BA}.Release|Any CPU.Build.0 = Release|Any CPU
	EndGlobalSection
	GlobalSection(SolutionProperties) = preSolution
		HideSolutionNode = FALSE
	EndGlobalSection
	GlobalSection(ExtensibilityGlobals) = postSolution
		SolutionGuid = {83E30CD5-23E4-4194-B12D-86FCDF78D1F9}
	EndGlobalSection
EndGlobal
